
Microsoft Visual Studio Solution File, Format Version 12.00
# Visual Studio Version 16
VisualStudioVersion = 16.0.31515.178
MinimumVisualStudioVersion = 10.0.40219.1
Project("{FAE04EC0-301F-11D3-BF4B-00C04F79EFBC}") = "Labora_1", "Labora_1.csproj", "{266D1F7B-5CF2-45FF-8E43-737A3EA718D6}"
EndProject
Global
	GlobalSection(SolutionConfigurationPlatforms) = preSolution
		Debug|Any CPU = Debug|Any CPU
		Release|Any CPU = Release|Any CPU
	EndGlobalSection
	GlobalSection(ProjectConfigurationPlatforms) = postSolution
		{266D1F7B-5CF2-45FF-8E43-737A3EA718D6}.Debug|Any CPU.ActiveCfg = Debug|Any CPU
		{266D1F7B-5CF2-45FF-8E43-737A3EA718D6}.Debug|Any CPU.Build.0 = Debug|Any CPU
		{266D1F7B-5CF2-45FF-8E43-737A3EA718D6}.Release|Any CPU.ActiveCfg = Release|Any CPU
		{266D1F7B-5CF2-45FF-8E43-737A3EA718D6}.Release|Any CPU.Build.0 = Release|Any CPU
	EndGlobalSection
	GlobalSection(SolutionProperties) = preSolution
		HideSolutionNode = FALSE
	EndGlobalSection
	GlobalSection(ExtensibilityGlobals) = postSolution
		SolutionGuid = {BE44F04C-9727-46FA-AC06-6607CDE2D12B}
	EndGlobalSection
EndGlobal
